
Microsoft Visual Studio Solution File, Format Version 12.00
# Visual Studio Version 16
VisualStudioVersion = 16.0.809.6
MinimumVisualStudioVersion = 10.0.40219.1
Project("{FAE04EC0-301F-11D3-BF4B-00C04F79EFBC}") = "battleShipApp", "battleShipApp\battleShipApp.csproj", "{D54996F2-2C78-4B57-A334-0237027CE17F}"
EndProject
Global
	GlobalSection(SolutionConfigurationPlatforms) = preSolution
		Debug|Any CPU = Debug|Any CPU
		Release|Any CPU = Release|Any CPU
	EndGlobalSection
	GlobalSection(ProjectConfigurationPlatforms) = postSolution
		{D54996F2-2C78-4B57-A334-0237027CE17F}.Debug|Any CPU.ActiveCfg = Debug|Any CPU
		{D54996F2-2C78-4B57-A334-0237027CE17F}.Debug|Any CPU.Build.0 = Debug|Any CPU
		{D54996F2-2C78-4B57-A334-0237027CE17F}.Release|Any CPU.ActiveCfg = Release|Any CPU
		{D54996F2-2C78-4B57-A334-0237027CE17F}.Release|Any CPU.Build.0 = Release|Any CPU
	EndGlobalSection
	GlobalSection(SolutionProperties) = preSolution
		HideSolutionNode = FALSE
	EndGlobalSection
	GlobalSection(ExtensibilityGlobals) = postSolution
		SolutionGuid = {923CE3EA-2788-43FC-8FBD-67BFB552EFCC}
	EndGlobalSection
EndGlobal
